
Microsoft Visual Studio Solution File, Format Version 12.00
# Visual Studio Version 17
VisualStudioVersion = 17.10.35013.160
MinimumVisualStudioVersion = 10.0.40219.1
Project("{FAE04EC0-301F-11D3-BF4B-00C04F79EFBC}") = "LMSAPI", "LMSAPI.csproj", "{1830CAB9-8920-4E86-BEE8-CF5ADD0D5C45}"
EndProject
Global
	GlobalSection(SolutionConfigurationPlatforms) = preSolution
		Debug|Any CPU = Debug|Any CPU
		Release|Any CPU = Release|Any CPU
	EndGlobalSection
	GlobalSection(ProjectConfigurationPlatforms) = postSolution
		{1830CAB9-8920-4E86-BEE8-CF5ADD0D5C45}.Debug|Any CPU.ActiveCfg = Debug|Any CPU
		{1830CAB9-8920-4E86-BEE8-CF5ADD0D5C45}.Debug|Any CPU.Build.0 = Debug|Any CPU
		{1830CAB9-8920-4E86-BEE8-CF5ADD0D5C45}.Release|Any CPU.ActiveCfg = Release|Any CPU
		{1830CAB9-8920-4E86-BEE8-CF5ADD0D5C45}.Release|Any CPU.Build.0 = Release|Any CPU
	EndGlobalSection
	GlobalSection(SolutionProperties) = preSolution
		HideSolutionNode = FALSE
	EndGlobalSection
	GlobalSection(ExtensibilityGlobals) = postSolution
		SolutionGuid = {85E69C19-4AD3-41E1-A345-FD8571354FF0}
	EndGlobalSection
EndGlobal
